
Microsoft Visual Studio Solution File, Format Version 12.00
# Visual Studio Version 17
VisualStudioVersion = 17.14.36414.22 d17.14
MinimumVisualStudioVersion = 10.0.40219.1
Project("{FAE04EC0-301F-11D3-BF4B-00C04F79EFBC}") = "Test(kanngelöschtwerden)", "Test(kanngelöschtwerden).csproj", "{55C36DB9-ECE3-466F-86C5-F09AD0F12B72}"
EndProject
Global
	GlobalSection(SolutionConfigurationPlatforms) = preSolution
		Debug|Any CPU = Debug|Any CPU
		Release|Any CPU = Release|Any CPU
	EndGlobalSection
	GlobalSection(ProjectConfigurationPlatforms) = postSolution
		{55C36DB9-ECE3-466F-86C5-F09AD0F12B72}.Debug|Any CPU.ActiveCfg = Debug|Any CPU
		{55C36DB9-ECE3-466F-86C5-F09AD0F12B72}.Debug|Any CPU.Build.0 = Debug|Any CPU
		{55C36DB9-ECE3-466F-86C5-F09AD0F12B72}.Release|Any CPU.ActiveCfg = Release|Any CPU
		{55C36DB9-ECE3-466F-86C5-F09AD0F12B72}.Release|Any CPU.Build.0 = Release|Any CPU
	EndGlobalSection
	GlobalSection(SolutionProperties) = preSolution
		HideSolutionNode = FALSE
	EndGlobalSection
	GlobalSection(ExtensibilityGlobals) = postSolution
		SolutionGuid = {29E73DB2-E241-4BE7-B464-62B6FB5BE2B0}
	EndGlobalSection
EndGlobal
